
Microsoft Visual Studio Solution File, Format Version 12.00
# Visual Studio Version 16
VisualStudioVersion = 16.0.32929.386
MinimumVisualStudioVersion = 10.0.40219.1
Project("{FAE04EC0-301F-11D3-BF4B-00C04F79EFBC}") = "KompositionKaesebroetchen", "KompositionKaesebroetchen.csproj", "{714DCBF3-5562-4C30-B530-D8F6888CA6BF}"
EndProject
Global
	GlobalSection(SolutionConfigurationPlatforms) = preSolution
		Debug|Any CPU = Debug|Any CPU
		Release|Any CPU = Release|Any CPU
	EndGlobalSection
	GlobalSection(ProjectConfigurationPlatforms) = postSolution
		{714DCBF3-5562-4C30-B530-D8F6888CA6BF}.Debug|Any CPU.ActiveCfg = Debug|Any CPU
		{714DCBF3-5562-4C30-B530-D8F6888CA6BF}.Debug|Any CPU.Build.0 = Debug|Any CPU
		{714DCBF3-5562-4C30-B530-D8F6888CA6BF}.Release|Any CPU.ActiveCfg = Release|Any CPU
		{714DCBF3-5562-4C30-B530-D8F6888CA6BF}.Release|Any CPU.Build.0 = Release|Any CPU
	EndGlobalSection
	GlobalSection(SolutionProperties) = preSolution
		HideSolutionNode = FALSE
	EndGlobalSection
	GlobalSection(ExtensibilityGlobals) = postSolution
		SolutionGuid = {B0AF106C-F874-4766-9B8A-95DC3A203655}
	EndGlobalSection
EndGlobal
